
Microsoft Visual Studio Solution File, Format Version 12.00
# Visual Studio Version 16
VisualStudioVersion = 16.0.30320.27
MinimumVisualStudioVersion = 10.0.40219.1
Project("{FAE04EC0-301F-11D3-BF4B-00C04F79EFBC}") = "MK_TaskManager", "MK_TaskManager\MK_TaskManager.csproj", "{615A1CB0-340D-467C-B71D-0E52A98D48A6}"
EndProject
Global
	GlobalSection(SolutionConfigurationPlatforms) = preSolution
		Debug|Any CPU = Debug|Any CPU
		Release|Any CPU = Release|Any CPU
	EndGlobalSection
	GlobalSection(ProjectConfigurationPlatforms) = postSolution
		{615A1CB0-340D-467C-B71D-0E52A98D48A6}.Debug|Any CPU.ActiveCfg = Debug|Any CPU
		{615A1CB0-340D-467C-B71D-0E52A98D48A6}.Debug|Any CPU.Build.0 = Debug|Any CPU
		{615A1CB0-340D-467C-B71D-0E52A98D48A6}.Release|Any CPU.ActiveCfg = Release|Any CPU
		{615A1CB0-340D-467C-B71D-0E52A98D48A6}.Release|Any CPU.Build.0 = Release|Any CPU
	EndGlobalSection
	GlobalSection(SolutionProperties) = preSolution
		HideSolutionNode = FALSE
	EndGlobalSection
	GlobalSection(ExtensibilityGlobals) = postSolution
		SolutionGuid = {7F5FE6FE-9A1A-45D6-BF47-4105ECA2603D}
	EndGlobalSection
EndGlobal
